
Microsoft Visual Studio Solution File, Format Version 12.00
# Visual Studio 2015
Project("{FAE04EC0-301F-11D3-BF4B-00C04F79EFBC}") = "Asli-Borneo-2-.Plugins", "Asli-Borneo-2-.Plugins.csproj", "{5E541E3C-8BAF-CB21-3E77-274CCA174A49}"
EndProject
Project("{FAE04EC0-301F-11D3-BF4B-00C04F79EFBC}") = "Asli-Borneo-2-.Editor.Plugins", "Asli-Borneo-2-.Editor.Plugins.csproj", "{E3C47FA3-D57C-96EE-50C1-BC555234D696}"
EndProject
Global
	GlobalSection(SolutionConfigurationPlatforms) = preSolution
		Debug|Any CPU = Debug|Any CPU
		Release|Any CPU = Release|Any CPU
	EndGlobalSection
	GlobalSection(ProjectConfigurationPlatforms) = postSolution
		{5E541E3C-8BAF-CB21-3E77-274CCA174A49}.Debug|Any CPU.ActiveCfg = Debug|Any CPU
		{5E541E3C-8BAF-CB21-3E77-274CCA174A49}.Debug|Any CPU.Build.0 = Debug|Any CPU
		{5E541E3C-8BAF-CB21-3E77-274CCA174A49}.Release|Any CPU.ActiveCfg = Release|Any CPU
		{5E541E3C-8BAF-CB21-3E77-274CCA174A49}.Release|Any CPU.Build.0 = Release|Any CPU
		{E3C47FA3-D57C-96EE-50C1-BC555234D696}.Debug|Any CPU.ActiveCfg = Debug|Any CPU
		{E3C47FA3-D57C-96EE-50C1-BC555234D696}.Debug|Any CPU.Build.0 = Debug|Any CPU
		{E3C47FA3-D57C-96EE-50C1-BC555234D696}.Release|Any CPU.ActiveCfg = Release|Any CPU
		{E3C47FA3-D57C-96EE-50C1-BC555234D696}.Release|Any CPU.Build.0 = Release|Any CPU
	EndGlobalSection
	GlobalSection(SolutionProperties) = preSolution
		HideSolutionNode = FALSE
	EndGlobalSection
EndGlobal
