
Microsoft Visual Studio Solution File, Format Version 12.00
# Visual Studio 2017
Project("{FAE04EC0-301F-11D3-BF4B-00C04F79EFBC}") = "Asli Borneo (2).Plugins", "Asli Borneo (2).Plugins.csproj", "{96252B17-EF9F-3596-608C-2AF3DDE2F04F}"
EndProject
Project("{FAE04EC0-301F-11D3-BF4B-00C04F79EFBC}") = "Asli Borneo (2).Editor.Plugins", "Asli Borneo (2).Editor.Plugins.csproj", "{D2620255-43EA-2236-37C4-D78B34DEF3E2}"
EndProject
Global
	GlobalSection(SolutionConfigurationPlatforms) = preSolution
		Debug|Any CPU = Debug|Any CPU
		Release|Any CPU = Release|Any CPU
	EndGlobalSection
	GlobalSection(ProjectConfigurationPlatforms) = postSolution
		{96252B17-EF9F-3596-608C-2AF3DDE2F04F}.Debug|Any CPU.ActiveCfg = Debug|Any CPU
		{96252B17-EF9F-3596-608C-2AF3DDE2F04F}.Debug|Any CPU.Build.0 = Debug|Any CPU
		{96252B17-EF9F-3596-608C-2AF3DDE2F04F}.Release|Any CPU.ActiveCfg = Release|Any CPU
		{96252B17-EF9F-3596-608C-2AF3DDE2F04F}.Release|Any CPU.Build.0 = Release|Any CPU
		{D2620255-43EA-2236-37C4-D78B34DEF3E2}.Debug|Any CPU.ActiveCfg = Debug|Any CPU
		{D2620255-43EA-2236-37C4-D78B34DEF3E2}.Debug|Any CPU.Build.0 = Debug|Any CPU
		{D2620255-43EA-2236-37C4-D78B34DEF3E2}.Release|Any CPU.ActiveCfg = Release|Any CPU
		{D2620255-43EA-2236-37C4-D78B34DEF3E2}.Release|Any CPU.Build.0 = Release|Any CPU
	EndGlobalSection
	GlobalSection(SolutionProperties) = preSolution
		HideSolutionNode = FALSE
	EndGlobalSection
EndGlobal
